// !$*UTF8*$!
{
	archiveVersion = 1;
	classes = {
	};
	objectVersion = 56;
	objects = {

/* Begin PBXBuildFile section */
		A70171822AA8E71900064C43 /* Nextcloud_Cookbook_iOS_ClientApp.swift in Sources */ = {isa = PBXBuildFile; fileRef = A70171812AA8E71900064C43 /* Nextcloud_Cookbook_iOS_ClientApp.swift */; };
		A70171842AA8E71900064C43 /* MainView.swift in Sources */ = {isa = PBXBuildFile; fileRef = A70171832AA8E71900064C43 /* MainView.swift */; };
		A70171862AA8E71F00064C43 /* Assets.xcassets in Resources */ = {isa = PBXBuildFile; fileRef = A70171852AA8E71F00064C43 /* Assets.xcassets */; };
		A701718A2AA8E71F00064C43 /* Preview Assets.xcassets in Resources */ = {isa = PBXBuildFile; fileRef = A70171892AA8E71F00064C43 /* Preview Assets.xcassets */; };
		A70171942AA8E72000064C43 /* Nextcloud_Cookbook_iOS_ClientTests.swift in Sources */ = {isa = PBXBuildFile; fileRef = A70171932AA8E72000064C43 /* Nextcloud_Cookbook_iOS_ClientTests.swift */; };
		A701719E2AA8E72000064C43 /* Nextcloud_Cookbook_iOS_ClientUITests.swift in Sources */ = {isa = PBXBuildFile; fileRef = A701719D2AA8E72000064C43 /* Nextcloud_Cookbook_iOS_ClientUITests.swift */; };
		A70171A02AA8E72000064C43 /* Nextcloud_Cookbook_iOS_ClientUITestsLaunchTests.swift in Sources */ = {isa = PBXBuildFile; fileRef = A701719F2AA8E72000064C43 /* Nextcloud_Cookbook_iOS_ClientUITestsLaunchTests.swift */; };
		A70171AD2AA8EF4700064C43 /* AppState.swift in Sources */ = {isa = PBXBuildFile; fileRef = A70171AC2AA8EF4700064C43 /* AppState.swift */; };
		A70171B12AB211DF00064C43 /* NetworkError.swift in Sources */ = {isa = PBXBuildFile; fileRef = A70171B02AB211DF00064C43 /* NetworkError.swift */; };
		A70171B42AB2122900064C43 /* NetworkUtils.swift in Sources */ = {isa = PBXBuildFile; fileRef = A70171B32AB2122900064C43 /* NetworkUtils.swift */; };
		A70171BE2AB4987900064C43 /* RecipeListView.swift in Sources */ = {isa = PBXBuildFile; fileRef = A70171BD2AB4987900064C43 /* RecipeListView.swift */; };
		A70171C02AB498A900064C43 /* RecipeView.swift in Sources */ = {isa = PBXBuildFile; fileRef = A70171BF2AB498A900064C43 /* RecipeView.swift */; };
		A70171C22AB498C600064C43 /* RecipeCardView.swift in Sources */ = {isa = PBXBuildFile; fileRef = A70171C12AB498C600064C43 /* RecipeCardView.swift */; };
		A70171C42AB4A31200064C43 /* DataStore.swift in Sources */ = {isa = PBXBuildFile; fileRef = A70171C32AB4A31200064C43 /* DataStore.swift */; };
		A70171C62AB4C43A00064C43 /* DataModels.swift in Sources */ = {isa = PBXBuildFile; fileRef = A70171C52AB4C43A00064C43 /* DataModels.swift */; };
		A70171CB2AB4CD1700064C43 /* UserSettings.swift in Sources */ = {isa = PBXBuildFile; fileRef = A70171CA2AB4CD1700064C43 /* UserSettings.swift */; };
		A70171CD2AB501B100064C43 /* SettingsView.swift in Sources */ = {isa = PBXBuildFile; fileRef = A70171CC2AB501B100064C43 /* SettingsView.swift */; };
		A703226A2ABAF49800D7C4ED /* JSONCoderExtension.swift in Sources */ = {isa = PBXBuildFile; fileRef = A70322692ABAF49800D7C4ED /* JSONCoderExtension.swift */; };
		A703226F2ABB1DD700D7C4ED /* ColorExtension.swift in Sources */ = {isa = PBXBuildFile; fileRef = A703226E2ABB1DD700D7C4ED /* ColorExtension.swift */; };
		A74D33BE2AF82AAE00D06555 /* SwiftSoup in Frameworks */ = {isa = PBXBuildFile; productRef = A74D33BD2AF82AAE00D06555 /* SwiftSoup */; };
		A74D33C32AFCD1C300D06555 /* RecipeScraper.swift in Sources */ = {isa = PBXBuildFile; fileRef = A74D33C22AFCD1C300D06555 /* RecipeScraper.swift */; };
		A76B8A6F2ADFFA8800096CEC /* SupportedLanguage.swift in Sources */ = {isa = PBXBuildFile; fileRef = A76B8A6E2ADFFA8800096CEC /* SupportedLanguage.swift */; };
		A76B8A712AE002AE00096CEC /* Alerts.swift in Sources */ = {isa = PBXBuildFile; fileRef = A76B8A702AE002AE00096CEC /* Alerts.swift */; };
		A787B0782B2B1E6400C2DF1B /* DateExtension.swift in Sources */ = {isa = PBXBuildFile; fileRef = A787B0772B2B1E6400C2DF1B /* DateExtension.swift */; };
		A79AA8E02AFF80E3007D25F2 /* DurationComponents.swift in Sources */ = {isa = PBXBuildFile; fileRef = A79AA8DF2AFF80E3007D25F2 /* DurationComponents.swift */; };
		A79AA8E22AFF8C14007D25F2 /* RecipeEditViewModel.swift in Sources */ = {isa = PBXBuildFile; fileRef = A79AA8E12AFF8C14007D25F2 /* RecipeEditViewModel.swift */; };
		A79AA8E42B02A962007D25F2 /* CookbookApi.swift in Sources */ = {isa = PBXBuildFile; fileRef = A79AA8E32B02A961007D25F2 /* CookbookApi.swift */; };
		A79AA8E62B02C3CB007D25F2 /* LoggerExtension.swift in Sources */ = {isa = PBXBuildFile; fileRef = A79AA8E52B02C3CB007D25F2 /* LoggerExtension.swift */; };
		A79AA8E92B062DD1007D25F2 /* CookbookApiV1.swift in Sources */ = {isa = PBXBuildFile; fileRef = A79AA8E82B062DD1007D25F2 /* CookbookApiV1.swift */; };
		A79AA8EB2B062E15007D25F2 /* ApiRequest.swift in Sources */ = {isa = PBXBuildFile; fileRef = A79AA8EA2B062E15007D25F2 /* ApiRequest.swift */; };
		A79AA8ED2B063AD5007D25F2 /* NextcloudApi.swift in Sources */ = {isa = PBXBuildFile; fileRef = A79AA8EC2B063AD5007D25F2 /* NextcloudApi.swift */; };
		A7AEAE642AD5521400135378 /* Localizable.xcstrings in Resources */ = {isa = PBXBuildFile; fileRef = A7AEAE632AD5521400135378 /* Localizable.xcstrings */; };
		A7CD3FD22B2C546A00D764AD /* CollapsibleView.swift in Sources */ = {isa = PBXBuildFile; fileRef = A7CD3FD12B2C546A00D764AD /* CollapsibleView.swift */; };
		A7F3F8E82ACBFC760076C227 /* RecipeKeywordSection.swift in Sources */ = {isa = PBXBuildFile; fileRef = A7F3F8E72ACBFC760076C227 /* RecipeKeywordSection.swift */; };
		A7FB0D7A2B25C66600A3469E /* OnboardingView.swift in Sources */ = {isa = PBXBuildFile; fileRef = A7FB0D792B25C66600A3469E /* OnboardingView.swift */; };
		A7FB0D7C2B25C68500A3469E /* TokenLoginView.swift in Sources */ = {isa = PBXBuildFile; fileRef = A7FB0D7B2B25C68500A3469E /* TokenLoginView.swift */; };
		A7FB0D7E2B25C6A200A3469E /* V2LoginView.swift in Sources */ = {isa = PBXBuildFile; fileRef = A7FB0D7D2B25C6A200A3469E /* V2LoginView.swift */; };
		A90C45F42B9F4DB6005D62B6 /* Units.swift in Sources */ = {isa = PBXBuildFile; fileRef = A90C45F32B9F4DB6005D62B6 /* Units.swift */; };
		A97506132B920D9F00E86029 /* RecipeDurationSection.swift in Sources */ = {isa = PBXBuildFile; fileRef = A97506122B920D9F00E86029 /* RecipeDurationSection.swift */; };
		A97506152B920DF200E86029 /* RecipeGenericViews.swift in Sources */ = {isa = PBXBuildFile; fileRef = A97506142B920DF200E86029 /* RecipeGenericViews.swift */; };
		A97506192B920EC200E86029 /* RecipeIngredientSection.swift in Sources */ = {isa = PBXBuildFile; fileRef = A97506182B920EC200E86029 /* RecipeIngredientSection.swift */; };
		A975061B2B920F9F00E86029 /* RecipeNutritionSection.swift in Sources */ = {isa = PBXBuildFile; fileRef = A975061A2B920F9F00E86029 /* RecipeNutritionSection.swift */; };
		A975061D2B920FCC00E86029 /* RecipeInstructionSection.swift in Sources */ = {isa = PBXBuildFile; fileRef = A975061C2B920FCC00E86029 /* RecipeInstructionSection.swift */; };
		A975061F2B920FFC00E86029 /* RecipeToolSection.swift in Sources */ = {isa = PBXBuildFile; fileRef = A975061E2B920FFC00E86029 /* RecipeToolSection.swift */; };
		A97506212B92104700E86029 /* RecipeMetadataSection.swift in Sources */ = {isa = PBXBuildFile; fileRef = A97506202B92104700E86029 /* RecipeMetadataSection.swift */; };
		A977D0DE2B600300009783A9 /* SearchTabView.swift in Sources */ = {isa = PBXBuildFile; fileRef = A977D0DD2B600300009783A9 /* SearchTabView.swift */; };
		A977D0E02B600318009783A9 /* RecipeTabView.swift in Sources */ = {isa = PBXBuildFile; fileRef = A977D0DF2B600318009783A9 /* RecipeTabView.swift */; };
		A977D0E22B60034E009783A9 /* GroceryListTabView.swift in Sources */ = {isa = PBXBuildFile; fileRef = A977D0E12B60034E009783A9 /* GroceryListTabView.swift */; };
		A97B4D322B80B3E900EC1A88 /* RecipeModels.swift in Sources */ = {isa = PBXBuildFile; fileRef = A97B4D312B80B3E900EC1A88 /* RecipeModels.swift */; };
		A97B4D352B80B82A00EC1A88 /* ShareView.swift in Sources */ = {isa = PBXBuildFile; fileRef = A97B4D342B80B82A00EC1A88 /* ShareView.swift */; };
		A9805BED2BAAC70E003B7231 /* NumberFormatter.swift in Sources */ = {isa = PBXBuildFile; fileRef = A9805BEC2BAAC70E003B7231 /* NumberFormatter.swift */; };
		A9BBB38C2B8D3B0C002DA7FF /* ParallaxHeaderView.swift in Sources */ = {isa = PBXBuildFile; fileRef = A9BBB38B2B8D3B0C002DA7FF /* ParallaxHeaderView.swift */; };
		A9BBB38E2B8E44B3002DA7FF /* BottomClipper.swift in Sources */ = {isa = PBXBuildFile; fileRef = A9BBB38D2B8E44B3002DA7FF /* BottomClipper.swift */; };
		A9BBB3902B91BE31002DA7FF /* ObservableRecipeDetail.swift in Sources */ = {isa = PBXBuildFile; fileRef = A9BBB38F2B91BE31002DA7FF /* ObservableRecipeDetail.swift */; };
		A9CA6CEF2B4C086100F78AB5 /* RecipeExporter.swift in Sources */ = {isa = PBXBuildFile; fileRef = A9CA6CEE2B4C086100F78AB5 /* RecipeExporter.swift */; };
		A9CA6CF62B4C63F200F78AB5 /* TPPDF in Frameworks */ = {isa = PBXBuildFile; productRef = A9CA6CF52B4C63F200F78AB5 /* TPPDF */; };
		A9D89AB02B4FE97800F49D92 /* TimerView.swift in Sources */ = {isa = PBXBuildFile; fileRef = A9D89AAF2B4FE97800F49D92 /* TimerView.swift */; };
		A9D8F9052B99F3E5009BACAE /* RecipeImportSection.swift in Sources */ = {isa = PBXBuildFile; fileRef = A9D8F9042B99F3E4009BACAE /* RecipeImportSection.swift */; };
		A9FA2AB62B5079B200A43702 /* alarm_sound_0.mp3 in Resources */ = {isa = PBXBuildFile; fileRef = A9FA2AB52B5079B200A43702 /* alarm_sound_0.mp3 */; };
/* End PBXBuildFile section */

/* Begin PBXContainerItemProxy section */
		A70171902AA8E72000064C43 /* PBXContainerItemProxy */ = {
			isa = PBXContainerItemProxy;
			containerPortal = A70171762AA8E71900064C43 /* Project object */;
			proxyType = 1;
			remoteGlobalIDString = A701717D2AA8E71900064C43;
			remoteInfo = "Nextcloud Cookbook iOS Client";
		};
		A701719A2AA8E72000064C43 /* PBXContainerItemProxy */ = {
			isa = PBXContainerItemProxy;
			containerPortal = A70171762AA8E71900064C43 /* Project object */;
			proxyType = 1;
			remoteGlobalIDString = A701717D2AA8E71900064C43;
			remoteInfo = "Nextcloud Cookbook iOS Client";
		};
/* End PBXContainerItemProxy section */

/* Begin PBXFileReference section */
		A701717E2AA8E71900064C43 /* Nextcloud Cookbook iOS Client.app */ = {isa = PBXFileReference; explicitFileType = wrapper.application; includeInIndex = 0; path = "Nextcloud Cookbook iOS Client.app"; sourceTree = BUILT_PRODUCTS_DIR; };
		A70171812AA8E71900064C43 /* Nextcloud_Cookbook_iOS_ClientApp.swift */ = {isa = PBXFileReference; lastKnownFileType = sourcecode.swift; path = Nextcloud_Cookbook_iOS_ClientApp.swift; sourceTree = "<group>"; };
		A70171832AA8E71900064C43 /* MainView.swift */ = {isa = PBXFileReference; lastKnownFileType = sourcecode.swift; path = MainView.swift; sourceTree = "<group>"; };
		A70171852AA8E71F00064C43 /* Assets.xcassets */ = {isa = PBXFileReference; lastKnownFileType = folder.assetcatalog; path = Assets.xcassets; sourceTree = "<group>"; };
		A70171872AA8E71F00064C43 /* Nextcloud_Cookbook_iOS_Client.entitlements */ = {isa = PBXFileReference; lastKnownFileType = text.plist.entitlements; path = Nextcloud_Cookbook_iOS_Client.entitlements; sourceTree = "<group>"; };
		A70171892AA8E71F00064C43 /* Preview Assets.xcassets */ = {isa = PBXFileReference; lastKnownFileType = folder.assetcatalog; path = "Preview Assets.xcassets"; sourceTree = "<group>"; };
		A701718F2AA8E72000064C43 /* Nextcloud Cookbook iOS ClientTests.xctest */ = {isa = PBXFileReference; explicitFileType = wrapper.cfbundle; includeInIndex = 0; path = "Nextcloud Cookbook iOS ClientTests.xctest"; sourceTree = BUILT_PRODUCTS_DIR; };
		A70171932AA8E72000064C43 /* Nextcloud_Cookbook_iOS_ClientTests.swift */ = {isa = PBXFileReference; lastKnownFileType = sourcecode.swift; path = Nextcloud_Cookbook_iOS_ClientTests.swift; sourceTree = "<group>"; };
		A70171992AA8E72000064C43 /* Nextcloud Cookbook iOS ClientUITests.xctest */ = {isa = PBXFileReference; explicitFileType = wrapper.cfbundle; includeInIndex = 0; path = "Nextcloud Cookbook iOS ClientUITests.xctest"; sourceTree = BUILT_PRODUCTS_DIR; };
		A701719D2AA8E72000064C43 /* Nextcloud_Cookbook_iOS_ClientUITests.swift */ = {isa = PBXFileReference; lastKnownFileType = sourcecode.swift; path = Nextcloud_Cookbook_iOS_ClientUITests.swift; sourceTree = "<group>"; };
		A701719F2AA8E72000064C43 /* Nextcloud_Cookbook_iOS_ClientUITestsLaunchTests.swift */ = {isa = PBXFileReference; lastKnownFileType = sourcecode.swift; path = Nextcloud_Cookbook_iOS_ClientUITestsLaunchTests.swift; sourceTree = "<group>"; };
		A70171AC2AA8EF4700064C43 /* AppState.swift */ = {isa = PBXFileReference; lastKnownFileType = sourcecode.swift; path = AppState.swift; sourceTree = "<group>"; };
		A70171B02AB211DF00064C43 /* NetworkError.swift */ = {isa = PBXFileReference; lastKnownFileType = sourcecode.swift; path = NetworkError.swift; sourceTree = "<group>"; };
		A70171B32AB2122900064C43 /* NetworkUtils.swift */ = {isa = PBXFileReference; lastKnownFileType = sourcecode.swift; path = NetworkUtils.swift; sourceTree = "<group>"; };
		A70171BD2AB4987900064C43 /* RecipeListView.swift */ = {isa = PBXFileReference; lastKnownFileType = sourcecode.swift; path = RecipeListView.swift; sourceTree = "<group>"; };
		A70171BF2AB498A900064C43 /* RecipeView.swift */ = {isa = PBXFileReference; lastKnownFileType = sourcecode.swift; path = RecipeView.swift; sourceTree = "<group>"; };
		A70171C12AB498C600064C43 /* RecipeCardView.swift */ = {isa = PBXFileReference; lastKnownFileType = sourcecode.swift; path = RecipeCardView.swift; sourceTree = "<group>"; };
		A70171C32AB4A31200064C43 /* DataStore.swift */ = {isa = PBXFileReference; lastKnownFileType = sourcecode.swift; path = DataStore.swift; sourceTree = "<group>"; };
		A70171C52AB4C43A00064C43 /* DataModels.swift */ = {isa = PBXFileReference; lastKnownFileType = sourcecode.swift; path = DataModels.swift; sourceTree = "<group>"; };
		A70171CA2AB4CD1700064C43 /* UserSettings.swift */ = {isa = PBXFileReference; lastKnownFileType = sourcecode.swift; path = UserSettings.swift; sourceTree = "<group>"; };
		A70171CC2AB501B100064C43 /* SettingsView.swift */ = {isa = PBXFileReference; lastKnownFileType = sourcecode.swift; path = SettingsView.swift; sourceTree = "<group>"; };
		A70322692ABAF49800D7C4ED /* JSONCoderExtension.swift */ = {isa = PBXFileReference; lastKnownFileType = sourcecode.swift; path = JSONCoderExtension.swift; sourceTree = "<group>"; };
		A703226E2ABB1DD700D7C4ED /* ColorExtension.swift */ = {isa = PBXFileReference; lastKnownFileType = sourcecode.swift; path = ColorExtension.swift; sourceTree = "<group>"; };
		A74D33C22AFCD1C300D06555 /* RecipeScraper.swift */ = {isa = PBXFileReference; lastKnownFileType = sourcecode.swift; path = RecipeScraper.swift; sourceTree = "<group>"; };
		A76B8A6E2ADFFA8800096CEC /* SupportedLanguage.swift */ = {isa = PBXFileReference; lastKnownFileType = sourcecode.swift; path = SupportedLanguage.swift; sourceTree = "<group>"; };
		A76B8A702AE002AE00096CEC /* Alerts.swift */ = {isa = PBXFileReference; lastKnownFileType = sourcecode.swift; path = Alerts.swift; sourceTree = "<group>"; };
		A787B0772B2B1E6400C2DF1B /* DateExtension.swift */ = {isa = PBXFileReference; lastKnownFileType = sourcecode.swift; path = DateExtension.swift; sourceTree = "<group>"; };
		A79AA8DF2AFF80E3007D25F2 /* DurationComponents.swift */ = {isa = PBXFileReference; lastKnownFileType = sourcecode.swift; path = DurationComponents.swift; sourceTree = "<group>"; };
		A79AA8E12AFF8C14007D25F2 /* RecipeEditViewModel.swift */ = {isa = PBXFileReference; lastKnownFileType = sourcecode.swift; path = RecipeEditViewModel.swift; sourceTree = "<group>"; };
		A79AA8E32B02A961007D25F2 /* CookbookApi.swift */ = {isa = PBXFileReference; lastKnownFileType = sourcecode.swift; path = CookbookApi.swift; sourceTree = "<group>"; };
		A79AA8E52B02C3CB007D25F2 /* LoggerExtension.swift */ = {isa = PBXFileReference; lastKnownFileType = sourcecode.swift; path = LoggerExtension.swift; sourceTree = "<group>"; };
		A79AA8E82B062DD1007D25F2 /* CookbookApiV1.swift */ = {isa = PBXFileReference; lastKnownFileType = sourcecode.swift; path = CookbookApiV1.swift; sourceTree = "<group>"; };
		A79AA8EA2B062E15007D25F2 /* ApiRequest.swift */ = {isa = PBXFileReference; lastKnownFileType = sourcecode.swift; path = ApiRequest.swift; sourceTree = "<group>"; };
		A79AA8EC2B063AD5007D25F2 /* NextcloudApi.swift */ = {isa = PBXFileReference; lastKnownFileType = sourcecode.swift; path = NextcloudApi.swift; sourceTree = "<group>"; };
		A7AEAE632AD5521400135378 /* Localizable.xcstrings */ = {isa = PBXFileReference; lastKnownFileType = text.json.xcstrings; path = Localizable.xcstrings; sourceTree = "<group>"; };
		A7CD3FD12B2C546A00D764AD /* CollapsibleView.swift */ = {isa = PBXFileReference; lastKnownFileType = sourcecode.swift; path = CollapsibleView.swift; sourceTree = "<group>"; };
		A7F3F8E72ACBFC760076C227 /* RecipeKeywordSection.swift */ = {isa = PBXFileReference; lastKnownFileType = sourcecode.swift; path = RecipeKeywordSection.swift; sourceTree = "<group>"; };
		A7FB0D792B25C66600A3469E /* OnboardingView.swift */ = {isa = PBXFileReference; lastKnownFileType = sourcecode.swift; path = OnboardingView.swift; sourceTree = "<group>"; };
		A7FB0D7B2B25C68500A3469E /* TokenLoginView.swift */ = {isa = PBXFileReference; lastKnownFileType = sourcecode.swift; path = TokenLoginView.swift; sourceTree = "<group>"; };
		A7FB0D7D2B25C6A200A3469E /* V2LoginView.swift */ = {isa = PBXFileReference; lastKnownFileType = sourcecode.swift; path = V2LoginView.swift; sourceTree = "<group>"; };
		A90C45F32B9F4DB6005D62B6 /* Units.swift */ = {isa = PBXFileReference; lastKnownFileType = sourcecode.swift; path = Units.swift; sourceTree = "<group>"; };
		A97506122B920D9F00E86029 /* RecipeDurationSection.swift */ = {isa = PBXFileReference; lastKnownFileType = sourcecode.swift; path = RecipeDurationSection.swift; sourceTree = "<group>"; };
		A97506142B920DF200E86029 /* RecipeGenericViews.swift */ = {isa = PBXFileReference; lastKnownFileType = sourcecode.swift; path = RecipeGenericViews.swift; sourceTree = "<group>"; };
		A97506182B920EC200E86029 /* RecipeIngredientSection.swift */ = {isa = PBXFileReference; lastKnownFileType = sourcecode.swift; path = RecipeIngredientSection.swift; sourceTree = "<group>"; };
		A975061A2B920F9F00E86029 /* RecipeNutritionSection.swift */ = {isa = PBXFileReference; lastKnownFileType = sourcecode.swift; path = RecipeNutritionSection.swift; sourceTree = "<group>"; };
		A975061C2B920FCC00E86029 /* RecipeInstructionSection.swift */ = {isa = PBXFileReference; lastKnownFileType = sourcecode.swift; path = RecipeInstructionSection.swift; sourceTree = "<group>"; };
		A975061E2B920FFC00E86029 /* RecipeToolSection.swift */ = {isa = PBXFileReference; lastKnownFileType = sourcecode.swift; path = RecipeToolSection.swift; sourceTree = "<group>"; };
		A97506202B92104700E86029 /* RecipeMetadataSection.swift */ = {isa = PBXFileReference; lastKnownFileType = sourcecode.swift; path = RecipeMetadataSection.swift; sourceTree = "<group>"; };
		A977D0DD2B600300009783A9 /* SearchTabView.swift */ = {isa = PBXFileReference; lastKnownFileType = sourcecode.swift; path = SearchTabView.swift; sourceTree = "<group>"; };
		A977D0DF2B600318009783A9 /* RecipeTabView.swift */ = {isa = PBXFileReference; lastKnownFileType = sourcecode.swift; path = RecipeTabView.swift; sourceTree = "<group>"; };
		A977D0E12B60034E009783A9 /* GroceryListTabView.swift */ = {isa = PBXFileReference; lastKnownFileType = sourcecode.swift; path = GroceryListTabView.swift; sourceTree = "<group>"; };
		A97B4D312B80B3E900EC1A88 /* RecipeModels.swift */ = {isa = PBXFileReference; lastKnownFileType = sourcecode.swift; path = RecipeModels.swift; sourceTree = "<group>"; };
		A97B4D342B80B82A00EC1A88 /* ShareView.swift */ = {isa = PBXFileReference; lastKnownFileType = sourcecode.swift; path = ShareView.swift; sourceTree = "<group>"; };
		A9805BEC2BAAC70E003B7231 /* NumberFormatter.swift */ = {isa = PBXFileReference; lastKnownFileType = sourcecode.swift; path = NumberFormatter.swift; sourceTree = "<group>"; };
		A9BBB38B2B8D3B0C002DA7FF /* ParallaxHeaderView.swift */ = {isa = PBXFileReference; lastKnownFileType = sourcecode.swift; path = ParallaxHeaderView.swift; sourceTree = "<group>"; };
		A9BBB38D2B8E44B3002DA7FF /* BottomClipper.swift */ = {isa = PBXFileReference; lastKnownFileType = sourcecode.swift; path = BottomClipper.swift; sourceTree = "<group>"; };
		A9BBB38F2B91BE31002DA7FF /* ObservableRecipeDetail.swift */ = {isa = PBXFileReference; lastKnownFileType = sourcecode.swift; path = ObservableRecipeDetail.swift; sourceTree = "<group>"; };
		A9CA6CEE2B4C086100F78AB5 /* RecipeExporter.swift */ = {isa = PBXFileReference; lastKnownFileType = sourcecode.swift; path = RecipeExporter.swift; sourceTree = "<group>"; };
		A9D89AAF2B4FE97800F49D92 /* TimerView.swift */ = {isa = PBXFileReference; lastKnownFileType = sourcecode.swift; path = TimerView.swift; sourceTree = "<group>"; };
		A9D8F9042B99F3E4009BACAE /* RecipeImportSection.swift */ = {isa = PBXFileReference; lastKnownFileType = sourcecode.swift; path = RecipeImportSection.swift; sourceTree = "<group>"; };
		A9DA25D42B82096B0061FC2B /* Nextcloud-Cookbook-iOS-Client-Info.plist */ = {isa = PBXFileReference; lastKnownFileType = text.plist; path = "Nextcloud-Cookbook-iOS-Client-Info.plist"; sourceTree = SOURCE_ROOT; };
		A9FA2AB52B5079B200A43702 /* alarm_sound_0.mp3 */ = {isa = PBXFileReference; lastKnownFileType = audio.mp3; path = alarm_sound_0.mp3; sourceTree = "<group>"; };
/* End PBXFileReference section */

/* Begin PBXFrameworksBuildPhase section */
		A701717B2AA8E71900064C43 /* Frameworks */ = {
			isa = PBXFrameworksBuildPhase;
			buildActionMask = 2147483647;
			files = (
				A74D33BE2AF82AAE00D06555 /* SwiftSoup in Frameworks */,
				A9CA6CF62B4C63F200F78AB5 /* TPPDF in Frameworks */,
			);
			runOnlyForDeploymentPostprocessing = 0;
		};
		A701718C2AA8E72000064C43 /* Frameworks */ = {
			isa = PBXFrameworksBuildPhase;
			buildActionMask = 2147483647;
			files = (
			);
			runOnlyForDeploymentPostprocessing = 0;
		};
		A70171962AA8E72000064C43 /* Frameworks */ = {
			isa = PBXFrameworksBuildPhase;
			buildActionMask = 2147483647;
			files = (
			);
			runOnlyForDeploymentPostprocessing = 0;
		};
/* End PBXFrameworksBuildPhase section */

/* Begin PBXGroup section */
		A70171752AA8E71900064C43 = {
			isa = PBXGroup;
			children = (
				A9FA2AB42B50798800A43702 /* Resources */,
				A781E75E2AE9133B00452F6F /* Screenshots */,
				A70171802AA8E71900064C43 /* Nextcloud Cookbook iOS Client */,
				A70171922AA8E72000064C43 /* Nextcloud Cookbook iOS ClientTests */,
				A701719C2AA8E72000064C43 /* Nextcloud Cookbook iOS ClientUITests */,
				A701717F2AA8E71900064C43 /* Products */,
			);
			sourceTree = "<group>";
		};
		A701717F2AA8E71900064C43 /* Products */ = {
			isa = PBXGroup;
			children = (
				A701717E2AA8E71900064C43 /* Nextcloud Cookbook iOS Client.app */,
				A701718F2AA8E72000064C43 /* Nextcloud Cookbook iOS ClientTests.xctest */,
				A70171992AA8E72000064C43 /* Nextcloud Cookbook iOS ClientUITests.xctest */,
			);
			name = Products;
			sourceTree = "<group>";
		};
		A70171802AA8E71900064C43 /* Nextcloud Cookbook iOS Client */ = {
			isa = PBXGroup;
			children = (
				A9DA25D42B82096B0061FC2B /* Nextcloud-Cookbook-iOS-Client-Info.plist */,
				A70171812AA8E71900064C43 /* Nextcloud_Cookbook_iOS_ClientApp.swift */,
				A70171AC2AA8EF4700064C43 /* AppState.swift */,
				A70171C72AB4C4A100064C43 /* Data */,
				A70171BA2AB4980100064C43 /* Views */,
				A70171B72AB2445700064C43 /* Models */,
				A97B4D332B80B51700EC1A88 /* Util */,
				A70171B22AB211F000064C43 /* Network */,
				A781E75F2AF8228100452F6F /* RecipeImport */,
				A9CA6CED2B4C084100F78AB5 /* RecipeExport */,
				A703226B2ABAF60D00D7C4ED /* Extensions */,
				A7AEAE632AD5521400135378 /* Localizable.xcstrings */,
				A70171852AA8E71F00064C43 /* Assets.xcassets */,
				A70171872AA8E71F00064C43 /* Nextcloud_Cookbook_iOS_Client.entitlements */,
				A70171882AA8E71F00064C43 /* Preview Content */,
			);
			path = "Nextcloud Cookbook iOS Client";
			sourceTree = "<group>";
		};
		A70171882AA8E71F00064C43 /* Preview Content */ = {
			isa = PBXGroup;
			children = (
				A70171892AA8E71F00064C43 /* Preview Assets.xcassets */,
			);
			path = "Preview Content";
			sourceTree = "<group>";
		};
		A70171922AA8E72000064C43 /* Nextcloud Cookbook iOS ClientTests */ = {
			isa = PBXGroup;
			children = (
				A70171932AA8E72000064C43 /* Nextcloud_Cookbook_iOS_ClientTests.swift */,
			);
			path = "Nextcloud Cookbook iOS ClientTests";
			sourceTree = "<group>";
		};
		A701719C2AA8E72000064C43 /* Nextcloud Cookbook iOS ClientUITests */ = {
			isa = PBXGroup;
			children = (
				A701719D2AA8E72000064C43 /* Nextcloud_Cookbook_iOS_ClientUITests.swift */,
				A701719F2AA8E72000064C43 /* Nextcloud_Cookbook_iOS_ClientUITestsLaunchTests.swift */,
			);
			path = "Nextcloud Cookbook iOS ClientUITests";
			sourceTree = "<group>";
		};
		A70171B22AB211F000064C43 /* Network */ = {
			isa = PBXGroup;
			children = (
				A79AA8EA2B062E15007D25F2 /* ApiRequest.swift */,
				A79AA8E72B062DB6007D25F2 /* CookbookApi */,
				A79AA8EE2B063B33007D25F2 /* NextcloudApi */,
				A70171B32AB2122900064C43 /* NetworkUtils.swift */,
				A70171B02AB211DF00064C43 /* NetworkError.swift */,
			);
			path = Network;
			sourceTree = "<group>";
		};
		A70171B72AB2445700064C43 /* Models */ = {
			isa = PBXGroup;
			children = (
				A79AA8E12AFF8C14007D25F2 /* RecipeEditViewModel.swift */,
			);
			path = Models;
			sourceTree = "<group>";
		};
		A70171BA2AB4980100064C43 /* Views */ = {
			isa = PBXGroup;
			children = (
				A70171832AA8E71900064C43 /* MainView.swift */,
				A70171CC2AB501B100064C43 /* SettingsView.swift */,
				A977D0DC2B6002DA009783A9 /* Tabs */,
				A7FB0D782B25C65200A3469E /* Onboarding */,
				A9C3BE502B630E3900562C79 /* Recipes */,
				A9C3BE522B630F1300562C79 /* ReusableViews */,
			);
			path = Views;
			sourceTree = "<group>";
		};
		A70171C72AB4C4A100064C43 /* Data */ = {
			isa = PBXGroup;
			children = (
				A70171C32AB4A31200064C43 /* DataStore.swift */,
				A70171CA2AB4CD1700064C43 /* UserSettings.swift */,
				A70171C52AB4C43A00064C43 /* DataModels.swift */,
				A97B4D312B80B3E900EC1A88 /* RecipeModels.swift */,
				A9BBB38F2B91BE31002DA7FF /* ObservableRecipeDetail.swift */,
				A90C45F32B9F4DB6005D62B6 /* Units.swift */,
			);
			path = Data;
			sourceTree = "<group>";
		};
		A703226B2ABAF60D00D7C4ED /* Extensions */ = {
			isa = PBXGroup;
			children = (
				A70322692ABAF49800D7C4ED /* JSONCoderExtension.swift */,
				A703226E2ABB1DD700D7C4ED /* ColorExtension.swift */,
				A79AA8E52B02C3CB007D25F2 /* LoggerExtension.swift */,
				A787B0772B2B1E6400C2DF1B /* DateExtension.swift */,
			);
			path = Extensions;
			sourceTree = "<group>";
		};
		A781E75E2AE9133B00452F6F /* Screenshots */ = {
			isa = PBXGroup;
			children = (
			);
			path = Screenshots;
			sourceTree = "<group>";
		};
		A781E75F2AF8228100452F6F /* RecipeImport */ = {
			isa = PBXGroup;
			children = (
				A74D33C22AFCD1C300D06555 /* RecipeScraper.swift */,
			);
			path = RecipeImport;
			sourceTree = "<group>";
		};
		A79AA8E72B062DB6007D25F2 /* CookbookApi */ = {
			isa = PBXGroup;
			children = (
				A79AA8E32B02A961007D25F2 /* CookbookApi.swift */,
				A79AA8E82B062DD1007D25F2 /* CookbookApiV1.swift */,
			);
			path = CookbookApi;
			sourceTree = "<group>";
		};
		A79AA8EE2B063B33007D25F2 /* NextcloudApi */ = {
			isa = PBXGroup;
			children = (
				A79AA8EC2B063AD5007D25F2 /* NextcloudApi.swift */,
			);
			path = NextcloudApi;
			sourceTree = "<group>";
		};
		A7FB0D782B25C65200A3469E /* Onboarding */ = {
			isa = PBXGroup;
			children = (
				A7FB0D792B25C66600A3469E /* OnboardingView.swift */,
				A7FB0D7B2B25C68500A3469E /* TokenLoginView.swift */,
				A7FB0D7D2B25C6A200A3469E /* V2LoginView.swift */,
			);
			path = Onboarding;
			sourceTree = "<group>";
		};
		A97506112B920D8100E86029 /* RecipeViewSections */ = {
			isa = PBXGroup;
			children = (
				A97506122B920D9F00E86029 /* RecipeDurationSection.swift */,
				A97506182B920EC200E86029 /* RecipeIngredientSection.swift */,
				A975061C2B920FCC00E86029 /* RecipeInstructionSection.swift */,
				A975061E2B920FFC00E86029 /* RecipeToolSection.swift */,
				A975061A2B920F9F00E86029 /* RecipeNutritionSection.swift */,
				A7F3F8E72ACBFC760076C227 /* RecipeKeywordSection.swift */,
				A97506142B920DF200E86029 /* RecipeGenericViews.swift */,
				A97506202B92104700E86029 /* RecipeMetadataSection.swift */,
				A9D8F9042B99F3E4009BACAE /* RecipeImportSection.swift */,
			);
			path = RecipeViewSections;
			sourceTree = "<group>";
		};
		A977D0DC2B6002DA009783A9 /* Tabs */ = {
			isa = PBXGroup;
			children = (
				A977D0DD2B600300009783A9 /* SearchTabView.swift */,
				A977D0DF2B600318009783A9 /* RecipeTabView.swift */,
				A977D0E12B60034E009783A9 /* GroceryListTabView.swift */,
			);
			path = Tabs;
			sourceTree = "<group>";
		};
		A97B4D332B80B51700EC1A88 /* Util */ = {
			isa = PBXGroup;
			children = (
				A76B8A702AE002AE00096CEC /* Alerts.swift */,
				A9805BEC2BAAC70E003B7231 /* NumberFormatter.swift */,
				A79AA8DF2AFF80E3007D25F2 /* DurationComponents.swift */,
				A76B8A6E2ADFFA8800096CEC /* SupportedLanguage.swift */,
			);
			path = Util;
			sourceTree = "<group>";
		};
		A9C3BE502B630E3900562C79 /* Recipes */ = {
			isa = PBXGroup;
			children = (
				A70171BD2AB4987900064C43 /* RecipeListView.swift */,
				A70171C12AB498C600064C43 /* RecipeCardView.swift */,
				A70171BF2AB498A900064C43 /* RecipeView.swift */,
				A97506112B920D8100E86029 /* RecipeViewSections */,
				A9D89AAF2B4FE97800F49D92 /* TimerView.swift */,
				A97B4D342B80B82A00EC1A88 /* ShareView.swift */,
			);
			path = Recipes;
			sourceTree = "<group>";
		};
		A9C3BE522B630F1300562C79 /* ReusableViews */ = {
			isa = PBXGroup;
			children = (
				A9BBB38B2B8D3B0C002DA7FF /* ParallaxHeaderView.swift */,
				A7CD3FD12B2C546A00D764AD /* CollapsibleView.swift */,
				A9BBB38D2B8E44B3002DA7FF /* BottomClipper.swift */,
			);
			path = ReusableViews;
			sourceTree = "<group>";
		};
		A9CA6CED2B4C084100F78AB5 /* RecipeExport */ = {
			isa = PBXGroup;
			children = (
				A9CA6CEE2B4C086100F78AB5 /* RecipeExporter.swift */,
			);
			path = RecipeExport;
			sourceTree = "<group>";
		};
		A9FA2AB42B50798800A43702 /* Resources */ = {
			isa = PBXGroup;
			children = (
				A9FA2AB52B5079B200A43702 /* alarm_sound_0.mp3 */,
			);
			path = Resources;
			sourceTree = "<group>";
		};
/* End PBXGroup section */

/* Begin PBXNativeTarget section */
		A701717D2AA8E71900064C43 /* Nextcloud Cookbook iOS Client */ = {
			isa = PBXNativeTarget;
			buildConfigurationList = A70171A32AA8E72000064C43 /* Build configuration list for PBXNativeTarget "Nextcloud Cookbook iOS Client" */;
			buildPhases = (
				A701717A2AA8E71900064C43 /* Sources */,
				A701717B2AA8E71900064C43 /* Frameworks */,
				A701717C2AA8E71900064C43 /* Resources */,
			);
			buildRules = (
			);
			dependencies = (
			);
			name = "Nextcloud Cookbook iOS Client";
			packageProductDependencies = (
				A74D33BD2AF82AAE00D06555 /* SwiftSoup */,
				A9CA6CF52B4C63F200F78AB5 /* TPPDF */,
			);
			productName = "Nextcloud Cookbook iOS Client";
			productReference = A701717E2AA8E71900064C43 /* Nextcloud Cookbook iOS Client.app */;
			productType = "com.apple.product-type.application";
		};
		A701718E2AA8E72000064C43 /* Nextcloud Cookbook iOS ClientTests */ = {
			isa = PBXNativeTarget;
			buildConfigurationList = A70171A62AA8E72000064C43 /* Build configuration list for PBXNativeTarget "Nextcloud Cookbook iOS ClientTests" */;
			buildPhases = (
				A701718B2AA8E72000064C43 /* Sources */,
				A701718C2AA8E72000064C43 /* Frameworks */,
				A701718D2AA8E72000064C43 /* Resources */,
			);
			buildRules = (
			);
			dependencies = (
				A70171912AA8E72000064C43 /* PBXTargetDependency */,
			);
			name = "Nextcloud Cookbook iOS ClientTests";
			productName = "Nextcloud Cookbook iOS ClientTests";
			productReference = A701718F2AA8E72000064C43 /* Nextcloud Cookbook iOS ClientTests.xctest */;
			productType = "com.apple.product-type.bundle.unit-test";
		};
		A70171982AA8E72000064C43 /* Nextcloud Cookbook iOS ClientUITests */ = {
			isa = PBXNativeTarget;
			buildConfigurationList = A70171A92AA8E72000064C43 /* Build configuration list for PBXNativeTarget "Nextcloud Cookbook iOS ClientUITests" */;
			buildPhases = (
				A70171952AA8E72000064C43 /* Sources */,
				A70171962AA8E72000064C43 /* Frameworks */,
				A70171972AA8E72000064C43 /* Resources */,
			);
			buildRules = (
			);
			dependencies = (
				A701719B2AA8E72000064C43 /* PBXTargetDependency */,
			);
			name = "Nextcloud Cookbook iOS ClientUITests";
			productName = "Nextcloud Cookbook iOS ClientUITests";
			productReference = A70171992AA8E72000064C43 /* Nextcloud Cookbook iOS ClientUITests.xctest */;
			productType = "com.apple.product-type.bundle.ui-testing";
		};
/* End PBXNativeTarget section */

/* Begin PBXProject section */
		A70171762AA8E71900064C43 /* Project object */ = {
			isa = PBXProject;
			attributes = {
				BuildIndependentTargetsInParallel = 1;
				LastSwiftUpdateCheck = 1430;
				LastUpgradeCheck = 1500;
				TargetAttributes = {
					A701717D2AA8E71900064C43 = {
						CreatedOnToolsVersion = 14.3;
					};
					A701718E2AA8E72000064C43 = {
						CreatedOnToolsVersion = 14.3;
						TestTargetID = A701717D2AA8E71900064C43;
					};
					A70171982AA8E72000064C43 = {
						CreatedOnToolsVersion = 14.3;
						TestTargetID = A701717D2AA8E71900064C43;
					};
				};
			};
			buildConfigurationList = A70171792AA8E71900064C43 /* Build configuration list for PBXProject "Nextcloud Cookbook iOS Client" */;
			compatibilityVersion = "Xcode 14.0";
			developmentRegion = en;
			hasScannedForEncodings = 0;
			knownRegions = (
				en,
				Base,
				de,
				es,
				fr,
			);
			mainGroup = A70171752AA8E71900064C43;
			packageReferences = (
				A74D33BC2AF82AAE00D06555 /* XCRemoteSwiftPackageReference "SwiftSoup" */,
				A9CA6CF42B4C63F200F78AB5 /* XCRemoteSwiftPackageReference "TPPDF" */,
			);
			productRefGroup = A701717F2AA8E71900064C43 /* Products */;
			projectDirPath = "";
			projectRoot = "";
			targets = (
				A701717D2AA8E71900064C43 /* Nextcloud Cookbook iOS Client */,
				A701718E2AA8E72000064C43 /* Nextcloud Cookbook iOS ClientTests */,
				A70171982AA8E72000064C43 /* Nextcloud Cookbook iOS ClientUITests */,
			);
		};
/* End PBXProject section */

/* Begin PBXResourcesBuildPhase section */
		A701717C2AA8E71900064C43 /* Resources */ = {
			isa = PBXResourcesBuildPhase;
			buildActionMask = 2147483647;
			files = (
				A9FA2AB62B5079B200A43702 /* alarm_sound_0.mp3 in Resources */,
				A701718A2AA8E71F00064C43 /* Preview Assets.xcassets in Resources */,
				A70171862AA8E71F00064C43 /* Assets.xcassets in Resources */,
				A7AEAE642AD5521400135378 /* Localizable.xcstrings in Resources */,
			);
			runOnlyForDeploymentPostprocessing = 0;
		};
		A701718D2AA8E72000064C43 /* Resources */ = {
			isa = PBXResourcesBuildPhase;
			buildActionMask = 2147483647;
			files = (
			);
			runOnlyForDeploymentPostprocessing = 0;
		};
		A70171972AA8E72000064C43 /* Resources */ = {
			isa = PBXResourcesBuildPhase;
			buildActionMask = 2147483647;
			files = (
			);
			runOnlyForDeploymentPostprocessing = 0;
		};
/* End PBXResourcesBuildPhase section */

/* Begin PBXSourcesBuildPhase section */
		A701717A2AA8E71900064C43 /* Sources */ = {
			isa = PBXSourcesBuildPhase;
			buildActionMask = 2147483647;
			files = (
				A9D8F9052B99F3E5009BACAE /* RecipeImportSection.swift in Sources */,
				A9BBB38E2B8E44B3002DA7FF /* BottomClipper.swift in Sources */,
				A97506192B920EC200E86029 /* RecipeIngredientSection.swift in Sources */,
				A97B4D352B80B82A00EC1A88 /* ShareView.swift in Sources */,
				A975061F2B920FFC00E86029 /* RecipeToolSection.swift in Sources */,
				A9805BED2BAAC70E003B7231 /* NumberFormatter.swift in Sources */,
				A9D89AB02B4FE97800F49D92 /* TimerView.swift in Sources */,
				A9BBB38C2B8D3B0C002DA7FF /* ParallaxHeaderView.swift in Sources */,
				A79AA8E22AFF8C14007D25F2 /* RecipeEditViewModel.swift in Sources */,
				A97506152B920DF200E86029 /* RecipeGenericViews.swift in Sources */,
				A7FB0D7C2B25C68500A3469E /* TokenLoginView.swift in Sources */,
				A977D0E22B60034E009783A9 /* GroceryListTabView.swift in Sources */,
				A70171B12AB211DF00064C43 /* NetworkError.swift in Sources */,
				A7FB0D7A2B25C66600A3469E /* OnboardingView.swift in Sources */,
				A76B8A712AE002AE00096CEC /* Alerts.swift in Sources */,
				A79AA8E62B02C3CB007D25F2 /* LoggerExtension.swift in Sources */,
				A70171C42AB4A31200064C43 /* DataStore.swift in Sources */,
				A7FB0D7E2B25C6A200A3469E /* V2LoginView.swift in Sources */,
				A975061D2B920FCC00E86029 /* RecipeInstructionSection.swift in Sources */,
				A787B0782B2B1E6400C2DF1B /* DateExtension.swift in Sources */,
				A79AA8E92B062DD1007D25F2 /* CookbookApiV1.swift in Sources */,
				A7CD3FD22B2C546A00D764AD /* CollapsibleView.swift in Sources */,
				A9BBB3902B91BE31002DA7FF /* ObservableRecipeDetail.swift in Sources */,
				A97506212B92104700E86029 /* RecipeMetadataSection.swift in Sources */,
				A70171B42AB2122900064C43 /* NetworkUtils.swift in Sources */,
				A97B4D322B80B3E900EC1A88 /* RecipeModels.swift in Sources */,
				A70171BE2AB4987900064C43 /* RecipeListView.swift in Sources */,
				A70171C62AB4C43A00064C43 /* DataModels.swift in Sources */,
				A79AA8EB2B062E15007D25F2 /* ApiRequest.swift in Sources */,
				A7F3F8E82ACBFC760076C227 /* RecipeKeywordSection.swift in Sources */,
				A79AA8E02AFF80E3007D25F2 /* DurationComponents.swift in Sources */,
				A70171C02AB498A900064C43 /* RecipeView.swift in Sources */,
				A90C45F42B9F4DB6005D62B6 /* Units.swift in Sources */,
				A79AA8E42B02A962007D25F2 /* CookbookApi.swift in Sources */,
				A975061B2B920F9F00E86029 /* RecipeNutritionSection.swift in Sources */,
				A70171CD2AB501B100064C43 /* SettingsView.swift in Sources */,
				A9CA6CEF2B4C086100F78AB5 /* RecipeExporter.swift in Sources */,
				A70171C22AB498C600064C43 /* RecipeCardView.swift in Sources */,
				A70171842AA8E71900064C43 /* MainView.swift in Sources */,
				A70171CB2AB4CD1700064C43 /* UserSettings.swift in Sources */,
				A977D0DE2B600300009783A9 /* SearchTabView.swift in Sources */,
				A703226A2ABAF49800D7C4ED /* JSONCoderExtension.swift in Sources */,
				A79AA8ED2B063AD5007D25F2 /* NextcloudApi.swift in Sources */,
				A97506132B920D9F00E86029 /* RecipeDurationSection.swift in Sources */,
				A70171822AA8E71900064C43 /* Nextcloud_Cookbook_iOS_ClientApp.swift in Sources */,
				A74D33C32AFCD1C300D06555 /* RecipeScraper.swift in Sources */,
				A70171AD2AA8EF4700064C43 /* AppState.swift in Sources */,
				A76B8A6F2ADFFA8800096CEC /* SupportedLanguage.swift in Sources */,
				A977D0E02B600318009783A9 /* RecipeTabView.swift in Sources */,
				A703226F2ABB1DD700D7C4ED /* ColorExtension.swift in Sources */,
			);
			runOnlyForDeploymentPostprocessing = 0;
		};
		A701718B2AA8E72000064C43 /* Sources */ = {
			isa = PBXSourcesBuildPhase;
			buildActionMask = 2147483647;
			files = (
				A70171942AA8E72000064C43 /* Nextcloud_Cookbook_iOS_ClientTests.swift in Sources */,
			);
			runOnlyForDeploymentPostprocessing = 0;
		};
		A70171952AA8E72000064C43 /* Sources */ = {
			isa = PBXSourcesBuildPhase;
			buildActionMask = 2147483647;
			files = (
				A701719E2AA8E72000064C43 /* Nextcloud_Cookbook_iOS_ClientUITests.swift in Sources */,
				A70171A02AA8E72000064C43 /* Nextcloud_Cookbook_iOS_ClientUITestsLaunchTests.swift in Sources */,
			);
			runOnlyForDeploymentPostprocessing = 0;
		};
/* End PBXSourcesBuildPhase section */

/* Begin PBXTargetDependency section */
		A70171912AA8E72000064C43 /* PBXTargetDependency */ = {
			isa = PBXTargetDependency;
			target = A701717D2AA8E71900064C43 /* Nextcloud Cookbook iOS Client */;
			targetProxy = A70171902AA8E72000064C43 /* PBXContainerItemProxy */;
		};
		A701719B2AA8E72000064C43 /* PBXTargetDependency */ = {
			isa = PBXTargetDependency;
			target = A701717D2AA8E71900064C43 /* Nextcloud Cookbook iOS Client */;
			targetProxy = A701719A2AA8E72000064C43 /* PBXContainerItemProxy */;
		};
/* End PBXTargetDependency section */

/* Begin XCBuildConfiguration section */
		A70171A12AA8E72000064C43 /* Debug */ = {
			isa = XCBuildConfiguration;
			buildSettings = {
				ALWAYS_SEARCH_USER_PATHS = NO;
				CLANG_ANALYZER_LOCALIZABILITY_NONLOCALIZED = YES;
				CLANG_ANALYZER_NONNULL = YES;
				CLANG_ANALYZER_NUMBER_OBJECT_CONVERSION = YES_AGGRESSIVE;
				CLANG_CXX_LANGUAGE_STANDARD = "gnu++20";
				CLANG_ENABLE_MODULES = YES;
				CLANG_ENABLE_OBJC_ARC = YES;
				CLANG_ENABLE_OBJC_WEAK = YES;
				CLANG_WARN_BLOCK_CAPTURE_AUTORELEASING = YES;
				CLANG_WARN_BOOL_CONVERSION = YES;
				CLANG_WARN_COMMA = YES;
				CLANG_WARN_CONSTANT_CONVERSION = YES;
				CLANG_WARN_DEPRECATED_OBJC_IMPLEMENTATIONS = YES;
				CLANG_WARN_DIRECT_OBJC_ISA_USAGE = YES_ERROR;
				CLANG_WARN_DOCUMENTATION_COMMENTS = YES;
				CLANG_WARN_EMPTY_BODY = YES;
				CLANG_WARN_ENUM_CONVERSION = YES;
				CLANG_WARN_INFINITE_RECURSION = YES;
				CLANG_WARN_INT_CONVERSION = YES;
				CLANG_WARN_NON_LITERAL_NULL_CONVERSION = YES;
				CLANG_WARN_OBJC_IMPLICIT_RETAIN_SELF = YES;
				CLANG_WARN_OBJC_LITERAL_CONVERSION = YES;
				CLANG_WARN_OBJC_ROOT_CLASS = YES_ERROR;
				CLANG_WARN_QUOTED_INCLUDE_IN_FRAMEWORK_HEADER = YES;
				CLANG_WARN_RANGE_LOOP_ANALYSIS = YES;
				CLANG_WARN_STRICT_PROTOTYPES = YES;
				CLANG_WARN_SUSPICIOUS_MOVE = YES;
				CLANG_WARN_UNGUARDED_AVAILABILITY = YES_AGGRESSIVE;
				CLANG_WARN_UNREACHABLE_CODE = YES;
				CLANG_WARN__DUPLICATE_METHOD_MATCH = YES;
				COPY_PHASE_STRIP = NO;
				DEAD_CODE_STRIPPING = YES;
				DEBUG_INFORMATION_FORMAT = dwarf;
				ENABLE_STRICT_OBJC_MSGSEND = YES;
				ENABLE_TESTABILITY = YES;
				ENABLE_USER_SCRIPT_SANDBOXING = YES;
				GCC_C_LANGUAGE_STANDARD = gnu11;
				GCC_DYNAMIC_NO_PIC = NO;
				GCC_NO_COMMON_BLOCKS = YES;
				GCC_OPTIMIZATION_LEVEL = 0;
				GCC_PREPROCESSOR_DEFINITIONS = (
					"DEBUG=1",
					"$(inherited)",
				);
				GCC_WARN_64_TO_32_BIT_CONVERSION = YES;
				GCC_WARN_ABOUT_RETURN_TYPE = YES_ERROR;
				GCC_WARN_UNDECLARED_SELECTOR = YES;
				GCC_WARN_UNINITIALIZED_AUTOS = YES_AGGRESSIVE;
				GCC_WARN_UNUSED_FUNCTION = YES;
				GCC_WARN_UNUSED_VARIABLE = YES;
				MTL_ENABLE_DEBUG_INFO = INCLUDE_SOURCE;
				MTL_FAST_MATH = YES;
				ONLY_ACTIVE_ARCH = YES;
				SWIFT_ACTIVE_COMPILATION_CONDITIONS = DEBUG;
				SWIFT_OPTIMIZATION_LEVEL = "-Onone";
			};
			name = Debug;
		};
		A70171A22AA8E72000064C43 /* Release */ = {
			isa = XCBuildConfiguration;
			buildSettings = {
				ALWAYS_SEARCH_USER_PATHS = NO;
				CLANG_ANALYZER_LOCALIZABILITY_NONLOCALIZED = YES;
				CLANG_ANALYZER_NONNULL = YES;
				CLANG_ANALYZER_NUMBER_OBJECT_CONVERSION = YES_AGGRESSIVE;
				CLANG_CXX_LANGUAGE_STANDARD = "gnu++20";
				CLANG_ENABLE_MODULES = YES;
				CLANG_ENABLE_OBJC_ARC = YES;
				CLANG_ENABLE_OBJC_WEAK = YES;
				CLANG_WARN_BLOCK_CAPTURE_AUTORELEASING = YES;
				CLANG_WARN_BOOL_CONVERSION = YES;
				CLANG_WARN_COMMA = YES;
				CLANG_WARN_CONSTANT_CONVERSION = YES;
				CLANG_WARN_DEPRECATED_OBJC_IMPLEMENTATIONS = YES;
				CLANG_WARN_DIRECT_OBJC_ISA_USAGE = YES_ERROR;
				CLANG_WARN_DOCUMENTATION_COMMENTS = YES;
				CLANG_WARN_EMPTY_BODY = YES;
				CLANG_WARN_ENUM_CONVERSION = YES;
				CLANG_WARN_INFINITE_RECURSION = YES;
				CLANG_WARN_INT_CONVERSION = YES;
				CLANG_WARN_NON_LITERAL_NULL_CONVERSION = YES;
				CLANG_WARN_OBJC_IMPLICIT_RETAIN_SELF = YES;
				CLANG_WARN_OBJC_LITERAL_CONVERSION = YES;
				CLANG_WARN_OBJC_ROOT_CLASS = YES_ERROR;
				CLANG_WARN_QUOTED_INCLUDE_IN_FRAMEWORK_HEADER = YES;
				CLANG_WARN_RANGE_LOOP_ANALYSIS = YES;
				CLANG_WARN_STRICT_PROTOTYPES = YES;
				CLANG_WARN_SUSPICIOUS_MOVE = YES;
				CLANG_WARN_UNGUARDED_AVAILABILITY = YES_AGGRESSIVE;
				CLANG_WARN_UNREACHABLE_CODE = YES;
				CLANG_WARN__DUPLICATE_METHOD_MATCH = YES;
				COPY_PHASE_STRIP = NO;
				DEAD_CODE_STRIPPING = YES;
				DEBUG_INFORMATION_FORMAT = "dwarf-with-dsym";
				ENABLE_NS_ASSERTIONS = NO;
				ENABLE_STRICT_OBJC_MSGSEND = YES;
				ENABLE_USER_SCRIPT_SANDBOXING = YES;
				GCC_C_LANGUAGE_STANDARD = gnu11;
				GCC_NO_COMMON_BLOCKS = YES;
				GCC_WARN_64_TO_32_BIT_CONVERSION = YES;
				GCC_WARN_ABOUT_RETURN_TYPE = YES_ERROR;
				GCC_WARN_UNDECLARED_SELECTOR = YES;
				GCC_WARN_UNINITIALIZED_AUTOS = YES_AGGRESSIVE;
				GCC_WARN_UNUSED_FUNCTION = YES;
				GCC_WARN_UNUSED_VARIABLE = YES;
				MTL_ENABLE_DEBUG_INFO = NO;
				MTL_FAST_MATH = YES;
				SWIFT_COMPILATION_MODE = wholemodule;
				SWIFT_OPTIMIZATION_LEVEL = "-O";
			};
			name = Release;
		};
		A70171A42AA8E72000064C43 /* Debug */ = {
			isa = XCBuildConfiguration;
			buildSettings = {
				ASSETCATALOG_COMPILER_APPICON_NAME = AppIcon;
				ASSETCATALOG_COMPILER_GLOBAL_ACCENT_COLOR_NAME = AccentColor;
				CODE_SIGN_ENTITLEMENTS = "Nextcloud Cookbook iOS Client/Nextcloud_Cookbook_iOS_Client.entitlements";
				"CODE_SIGN_IDENTITY[sdk=macosx*]" = "Apple Development";
				CODE_SIGN_STYLE = Automatic;
				CURRENT_PROJECT_VERSION = 1;
				DEAD_CODE_STRIPPING = YES;
				DEVELOPMENT_ASSET_PATHS = "\"Nextcloud Cookbook iOS Client/Preview Content\"";
				DEVELOPMENT_TEAM = EF2ABA36D9;
				ENABLE_HARDENED_RUNTIME = YES;
				ENABLE_PREVIEWS = YES;
				GENERATE_INFOPLIST_FILE = YES;
				INFOPLIST_FILE = "Nextcloud-Cookbook-iOS-Client-Info.plist";
				INFOPLIST_KEY_CFBundleDisplayName = Cookbook;
				INFOPLIST_KEY_LSApplicationCategoryType = "public.app-category.food-and-drink";
				"INFOPLIST_KEY_UIApplicationSceneManifest_Generation[sdk=iphoneos*]" = YES;
				"INFOPLIST_KEY_UIApplicationSceneManifest_Generation[sdk=iphonesimulator*]" = YES;
				"INFOPLIST_KEY_UIApplicationSupportsIndirectInputEvents[sdk=iphoneos*]" = YES;
				"INFOPLIST_KEY_UIApplicationSupportsIndirectInputEvents[sdk=iphonesimulator*]" = YES;
				"INFOPLIST_KEY_UILaunchScreen_Generation[sdk=iphoneos*]" = YES;
				"INFOPLIST_KEY_UILaunchScreen_Generation[sdk=iphonesimulator*]" = YES;
				"INFOPLIST_KEY_UIStatusBarStyle[sdk=iphoneos*]" = UIStatusBarStyleDefault;
				"INFOPLIST_KEY_UIStatusBarStyle[sdk=iphonesimulator*]" = UIStatusBarStyleDefault;
				INFOPLIST_KEY_UISupportedInterfaceOrientations_iPad = "UIInterfaceOrientationPortrait UIInterfaceOrientationPortraitUpsideDown UIInterfaceOrientationLandscapeLeft UIInterfaceOrientationLandscapeRight";
				INFOPLIST_KEY_UISupportedInterfaceOrientations_iPhone = "UIInterfaceOrientationPortrait UIInterfaceOrientationLandscapeLeft UIInterfaceOrientationLandscapeRight";
				IPHONEOS_DEPLOYMENT_TARGET = 16.4;
				LD_RUNPATH_SEARCH_PATHS = "@executable_path/Frameworks";
				"LD_RUNPATH_SEARCH_PATHS[sdk=macosx*]" = "@executable_path/../Frameworks";
				MACOSX_DEPLOYMENT_TARGET = 14.0;
				MARKETING_VERSION = 1.10;
				PRODUCT_BUNDLE_IDENTIFIER = "VincentMeilinger.Nextcloud-Cookbook-iOS-Client";
				PRODUCT_NAME = "$(TARGET_NAME)";
				SDKROOT = auto;
				SUPPORTED_PLATFORMS = "iphoneos iphonesimulator";
				SUPPORTS_MACCATALYST = YES;
				SWIFT_EMIT_LOC_STRINGS = YES;
				SWIFT_VERSION = 5.0;
				TARGETED_DEVICE_FAMILY = "1,2";
			};
			name = Debug;
		};
		A70171A52AA8E72000064C43 /* Release */ = {
			isa = XCBuildConfiguration;
			buildSettings = {
				ASSETCATALOG_COMPILER_APPICON_NAME = AppIcon;
				ASSETCATALOG_COMPILER_GLOBAL_ACCENT_COLOR_NAME = AccentColor;
				CODE_SIGN_ENTITLEMENTS = "Nextcloud Cookbook iOS Client/Nextcloud_Cookbook_iOS_Client.entitlements";
				"CODE_SIGN_IDENTITY[sdk=macosx*]" = "Apple Development";
				CODE_SIGN_STYLE = Automatic;
				CURRENT_PROJECT_VERSION = 1;
				DEAD_CODE_STRIPPING = YES;
				DEVELOPMENT_ASSET_PATHS = "\"Nextcloud Cookbook iOS Client/Preview Content\"";
				DEVELOPMENT_TEAM = EF2ABA36D9;
				ENABLE_HARDENED_RUNTIME = YES;
				ENABLE_PREVIEWS = YES;
				GENERATE_INFOPLIST_FILE = YES;
				INFOPLIST_FILE = "Nextcloud-Cookbook-iOS-Client-Info.plist";
				INFOPLIST_KEY_CFBundleDisplayName = Cookbook;
				INFOPLIST_KEY_LSApplicationCategoryType = "public.app-category.food-and-drink";
				"INFOPLIST_KEY_UIApplicationSceneManifest_Generation[sdk=iphoneos*]" = YES;
				"INFOPLIST_KEY_UIApplicationSceneManifest_Generation[sdk=iphonesimulator*]" = YES;
				"INFOPLIST_KEY_UIApplicationSupportsIndirectInputEvents[sdk=iphoneos*]" = YES;
				"INFOPLIST_KEY_UIApplicationSupportsIndirectInputEvents[sdk=iphonesimulator*]" = YES;
				"INFOPLIST_KEY_UILaunchScreen_Generation[sdk=iphoneos*]" = YES;
				"INFOPLIST_KEY_UILaunchScreen_Generation[sdk=iphonesimulator*]" = YES;
				"INFOPLIST_KEY_UIStatusBarStyle[sdk=iphoneos*]" = UIStatusBarStyleDefault;
				"INFOPLIST_KEY_UIStatusBarStyle[sdk=iphonesimulator*]" = UIStatusBarStyleDefault;
				INFOPLIST_KEY_UISupportedInterfaceOrientations_iPad = "UIInterfaceOrientationPortrait UIInterfaceOrientationPortraitUpsideDown UIInterfaceOrientationLandscapeLeft UIInterfaceOrientationLandscapeRight";
				INFOPLIST_KEY_UISupportedInterfaceOrientations_iPhone = "UIInterfaceOrientationPortrait UIInterfaceOrientationLandscapeLeft UIInterfaceOrientationLandscapeRight";
				IPHONEOS_DEPLOYMENT_TARGET = 16.4;
				LD_RUNPATH_SEARCH_PATHS = "@executable_path/Frameworks";
				"LD_RUNPATH_SEARCH_PATHS[sdk=macosx*]" = "@executable_path/../Frameworks";
				MACOSX_DEPLOYMENT_TARGET = 14.0;
				MARKETING_VERSION = 1.10;
				PRODUCT_BUNDLE_IDENTIFIER = "VincentMeilinger.Nextcloud-Cookbook-iOS-Client";
				PRODUCT_NAME = "$(TARGET_NAME)";
				SDKROOT = auto;
				SUPPORTED_PLATFORMS = "iphoneos iphonesimulator";
				SUPPORTS_MACCATALYST = YES;
				SWIFT_EMIT_LOC_STRINGS = YES;
				SWIFT_VERSION = 5.0;
				TARGETED_DEVICE_FAMILY = "1,2";
			};
			name = Release;
		};
		A70171A72AA8E72000064C43 /* Debug */ = {
			isa = XCBuildConfiguration;
			buildSettings = {
				ALWAYS_EMBED_SWIFT_STANDARD_LIBRARIES = YES;
				BUNDLE_LOADER = "$(TEST_HOST)";
				CODE_SIGN_STYLE = Automatic;
				CURRENT_PROJECT_VERSION = 1;
				DEAD_CODE_STRIPPING = YES;
				DEVELOPMENT_TEAM = EF2ABA36D9;
				GENERATE_INFOPLIST_FILE = YES;
				IPHONEOS_DEPLOYMENT_TARGET = 16.4;
				MACOSX_DEPLOYMENT_TARGET = 13.0;
				MARKETING_VERSION = 1.0;
				PRODUCT_BUNDLE_IDENTIFIER = "VincentMeilinger.Nextcloud-Cookbook-iOS-ClientTests";
				PRODUCT_NAME = "$(TARGET_NAME)";
				SDKROOT = auto;
				SUPPORTED_PLATFORMS = "iphoneos iphonesimulator macosx";
				SWIFT_EMIT_LOC_STRINGS = NO;
				SWIFT_VERSION = 5.0;
				TARGETED_DEVICE_FAMILY = "1,2";
				TEST_HOST = "$(BUILT_PRODUCTS_DIR)/Nextcloud Cookbook iOS Client.app/$(BUNDLE_EXECUTABLE_FOLDER_PATH)/Nextcloud Cookbook iOS Client";
			};
			name = Debug;
		};
		A70171A82AA8E72000064C43 /* Release */ = {
			isa = XCBuildConfiguration;
			buildSettings = {
				ALWAYS_EMBED_SWIFT_STANDARD_LIBRARIES = YES;
				BUNDLE_LOADER = "$(TEST_HOST)";
				CODE_SIGN_STYLE = Automatic;
				CURRENT_PROJECT_VERSION = 1;
				DEAD_CODE_STRIPPING = YES;
				DEVELOPMENT_TEAM = EF2ABA36D9;
				GENERATE_INFOPLIST_FILE = YES;
				IPHONEOS_DEPLOYMENT_TARGET = 16.4;
				MACOSX_DEPLOYMENT_TARGET = 13.0;
				MARKETING_VERSION = 1.0;
				PRODUCT_BUNDLE_IDENTIFIER = "VincentMeilinger.Nextcloud-Cookbook-iOS-ClientTests";
				PRODUCT_NAME = "$(TARGET_NAME)";
				SDKROOT = auto;
				SUPPORTED_PLATFORMS = "iphoneos iphonesimulator macosx";
				SWIFT_EMIT_LOC_STRINGS = NO;
				SWIFT_VERSION = 5.0;
				TARGETED_DEVICE_FAMILY = "1,2";
				TEST_HOST = "$(BUILT_PRODUCTS_DIR)/Nextcloud Cookbook iOS Client.app/$(BUNDLE_EXECUTABLE_FOLDER_PATH)/Nextcloud Cookbook iOS Client";
			};
			name = Release;
		};
		A70171AA2AA8E72000064C43 /* Debug */ = {
			isa = XCBuildConfiguration;
			buildSettings = {
				ALWAYS_EMBED_SWIFT_STANDARD_LIBRARIES = YES;
				CODE_SIGN_STYLE = Automatic;
				CURRENT_PROJECT_VERSION = 1;
				DEAD_CODE_STRIPPING = YES;
				DEVELOPMENT_TEAM = EF2ABA36D9;
				GENERATE_INFOPLIST_FILE = YES;
				IPHONEOS_DEPLOYMENT_TARGET = 16.4;
				MACOSX_DEPLOYMENT_TARGET = 13.0;
				MARKETING_VERSION = 1.0;
				PRODUCT_BUNDLE_IDENTIFIER = "VincentMeilinger.Nextcloud-Cookbook-iOS-ClientUITests";
				PRODUCT_NAME = "$(TARGET_NAME)";
				SDKROOT = auto;
				SUPPORTED_PLATFORMS = "iphoneos iphonesimulator macosx";
				SWIFT_EMIT_LOC_STRINGS = NO;
				SWIFT_VERSION = 5.0;
				TARGETED_DEVICE_FAMILY = "1,2";
				TEST_TARGET_NAME = "Nextcloud Cookbook iOS Client";
			};
			name = Debug;
		};
		A70171AB2AA8E72000064C43 /* Release */ = {
			isa = XCBuildConfiguration;
			buildSettings = {
				ALWAYS_EMBED_SWIFT_STANDARD_LIBRARIES = YES;
				CODE_SIGN_STYLE = Automatic;
				CURRENT_PROJECT_VERSION = 1;
				DEAD_CODE_STRIPPING = YES;
				DEVELOPMENT_TEAM = EF2ABA36D9;
				GENERATE_INFOPLIST_FILE = YES;
				IPHONEOS_DEPLOYMENT_TARGET = 16.4;
				MACOSX_DEPLOYMENT_TARGET = 13.0;
				MARKETING_VERSION = 1.0;
				PRODUCT_BUNDLE_IDENTIFIER = "VincentMeilinger.Nextcloud-Cookbook-iOS-ClientUITests";
				PRODUCT_NAME = "$(TARGET_NAME)";
				SDKROOT = auto;
				SUPPORTED_PLATFORMS = "iphoneos iphonesimulator macosx";
				SWIFT_EMIT_LOC_STRINGS = NO;
				SWIFT_VERSION = 5.0;
				TARGETED_DEVICE_FAMILY = "1,2";
				TEST_TARGET_NAME = "Nextcloud Cookbook iOS Client";
			};
			name = Release;
		};
/* End XCBuildConfiguration section */

/* Begin XCConfigurationList section */
		A70171792AA8E71900064C43 /* Build configuration list for PBXProject "Nextcloud Cookbook iOS Client" */ = {
			isa = XCConfigurationList;
			buildConfigurations = (
				A70171A12AA8E72000064C43 /* Debug */,
				A70171A22AA8E72000064C43 /* Release */,
			);
			defaultConfigurationIsVisible = 0;
			defaultConfigurationName = Release;
		};
		A70171A32AA8E72000064C43 /* Build configuration list for PBXNativeTarget "Nextcloud Cookbook iOS Client" */ = {
			isa = XCConfigurationList;
			buildConfigurations = (
				A70171A42AA8E72000064C43 /* Debug */,
				A70171A52AA8E72000064C43 /* Release */,
			);
			defaultConfigurationIsVisible = 0;
			defaultConfigurationName = Release;
		};
		A70171A62AA8E72000064C43 /* Build configuration list for PBXNativeTarget "Nextcloud Cookbook iOS ClientTests" */ = {
			isa = XCConfigurationList;
			buildConfigurations = (
				A70171A72AA8E72000064C43 /* Debug */,
				A70171A82AA8E72000064C43 /* Release */,
			);
			defaultConfigurationIsVisible = 0;
			defaultConfigurationName = Release;
		};
		A70171A92AA8E72000064C43 /* Build configuration list for PBXNativeTarget "Nextcloud Cookbook iOS ClientUITests" */ = {
			isa = XCConfigurationList;
			buildConfigurations = (
				A70171AA2AA8E72000064C43 /* Debug */,
				A70171AB2AA8E72000064C43 /* Release */,
			);
			defaultConfigurationIsVisible = 0;
			defaultConfigurationName = Release;
		};
/* End XCConfigurationList section */

/* Begin XCRemoteSwiftPackageReference section */
		A74D33BC2AF82AAE00D06555 /* XCRemoteSwiftPackageReference "SwiftSoup" */ = {
			isa = XCRemoteSwiftPackageReference;
			repositoryURL = "https://github.com/scinfu/SwiftSoup.git";
			requirement = {
				kind = upToNextMajorVersion;
				minimumVersion = 2.6.1;
			};
		};
		A9CA6CF42B4C63F200F78AB5 /* XCRemoteSwiftPackageReference "TPPDF" */ = {
			isa = XCRemoteSwiftPackageReference;
			repositoryURL = "https://github.com/techprimate/TPPDF.git";
			requirement = {
				kind = upToNextMajorVersion;
				minimumVersion = 2.4.1;
			};
		};
/* End XCRemoteSwiftPackageReference section */

/* Begin XCSwiftPackageProductDependency section */
		A74D33BD2AF82AAE00D06555 /* SwiftSoup */ = {
			isa = XCSwiftPackageProductDependency;
			package = A74D33BC2AF82AAE00D06555 /* XCRemoteSwiftPackageReference "SwiftSoup" */;
			productName = SwiftSoup;
		};
		A9CA6CF52B4C63F200F78AB5 /* TPPDF */ = {
			isa = XCSwiftPackageProductDependency;
			package = A9CA6CF42B4C63F200F78AB5 /* XCRemoteSwiftPackageReference "TPPDF" */;
			productName = TPPDF;
		};
/* End XCSwiftPackageProductDependency section */
	};
	rootObject = A70171762AA8E71900064C43 /* Project object */;
}
